
Microsoft Visual Studio Solution File, Format Version 11.00
# Visual C# Express 2010
Project("{FAE04EC0-301F-11D3-BF4B-00C04F79EFBC}") = "Mp3 Player", "Mp3 Player\Mp3 Player.csproj", "{4306FF1E-F74A-432F-919F-07C269ECCD96}"
EndProject
Global
	GlobalSection(SolutionConfigurationPlatforms) = preSolution
		Debug|x86 = Debug|x86
		Release|x86 = Release|x86
	EndGlobalSection
	GlobalSection(ProjectConfigurationPlatforms) = postSolution
		{4306FF1E-F74A-432F-919F-07C269ECCD96}.Debug|x86.ActiveCfg = Debug|x86
		{4306FF1E-F74A-432F-919F-07C269ECCD96}.Debug|x86.Build.0 = Debug|x86
		{4306FF1E-F74A-432F-919F-07C269ECCD96}.Release|x86.ActiveCfg = Release|x86
		{4306FF1E-F74A-432F-919F-07C269ECCD96}.Release|x86.Build.0 = Release|x86
	EndGlobalSection
	GlobalSection(SolutionProperties) = preSolution
		HideSolutionNode = FALSE
	EndGlobalSection
EndGlobal
